
Microsoft Visual Studio Solution File, Format Version 12.00
# Visual Studio Version 16
VisualStudioVersion = 16.0.29806.167
MinimumVisualStudioVersion = 10.0.40219.1
Project("{FAE04EC0-301F-11D3-BF4B-00C04F79EFBC}") = "ConversionImplicit", "ConversionImplicit\ConversionImplicit.csproj", "{13520E70-443F-48C5-BA70-1BF23BE32234}"
EndProject
Global
	GlobalSection(SolutionConfigurationPlatforms) = preSolution
		Debug|Any CPU = Debug|Any CPU
		Release|Any CPU = Release|Any CPU
	EndGlobalSection
	GlobalSection(ProjectConfigurationPlatforms) = postSolution
		{13520E70-443F-48C5-BA70-1BF23BE32234}.Debug|Any CPU.ActiveCfg = Debug|Any CPU
		{13520E70-443F-48C5-BA70-1BF23BE32234}.Debug|Any CPU.Build.0 = Debug|Any CPU
		{13520E70-443F-48C5-BA70-1BF23BE32234}.Release|Any CPU.ActiveCfg = Release|Any CPU
		{13520E70-443F-48C5-BA70-1BF23BE32234}.Release|Any CPU.Build.0 = Release|Any CPU
	EndGlobalSection
	GlobalSection(SolutionProperties) = preSolution
		HideSolutionNode = FALSE
	EndGlobalSection
	GlobalSection(ExtensibilityGlobals) = postSolution
		SolutionGuid = {6DC97242-D40D-4F1D-B81E-16F4E4E66136}
	EndGlobalSection
EndGlobal
