
Microsoft Visual Studio Solution File, Format Version 12.00
# Visual Studio Version 16
VisualStudioVersion = 16.0.29806.167
MinimumVisualStudioVersion = 10.0.40219.1
Project("{FAE04EC0-301F-11D3-BF4B-00C04F79EFBC}") = "WindowsFormsApp1", "WindowsFormsApp1\WindowsFormsApp1.csproj", "{356EC2F9-AA8F-4C9C-9909-43A0B58B7B62}"
EndProject
Global
	GlobalSection(SolutionConfigurationPlatforms) = preSolution
		Debug|Any CPU = Debug|Any CPU
		Release|Any CPU = Release|Any CPU
	EndGlobalSection
	GlobalSection(ProjectConfigurationPlatforms) = postSolution
		{356EC2F9-AA8F-4C9C-9909-43A0B58B7B62}.Debug|Any CPU.ActiveCfg = Debug|Any CPU
		{356EC2F9-AA8F-4C9C-9909-43A0B58B7B62}.Debug|Any CPU.Build.0 = Debug|Any CPU
		{356EC2F9-AA8F-4C9C-9909-43A0B58B7B62}.Release|Any CPU.ActiveCfg = Release|Any CPU
		{356EC2F9-AA8F-4C9C-9909-43A0B58B7B62}.Release|Any CPU.Build.0 = Release|Any CPU
	EndGlobalSection
	GlobalSection(SolutionProperties) = preSolution
		HideSolutionNode = FALSE
	EndGlobalSection
	GlobalSection(ExtensibilityGlobals) = postSolution
		SolutionGuid = {ACAE26AC-7D2E-47E8-8F3D-75272902E952}
	EndGlobalSection
EndGlobal
