
Microsoft Visual Studio Solution File, Format Version 12.00
# Visual Studio Version 16
VisualStudioVersion = 16.0.29911.98
MinimumVisualStudioVersion = 10.0.40219.1
Project("{FAE04EC0-301F-11D3-BF4B-00C04F79EFBC}") = "MVC-Reg-UserExample", "MVC-Reg-UserExample\MVC-Reg-UserExample.csproj", "{F9FCEF22-D220-45A9-AAA1-434C4EB5C3AA}"
EndProject
Global
	GlobalSection(SolutionConfigurationPlatforms) = preSolution
		Debug|Any CPU = Debug|Any CPU
		Release|Any CPU = Release|Any CPU
	EndGlobalSection
	GlobalSection(ProjectConfigurationPlatforms) = postSolution
		{F9FCEF22-D220-45A9-AAA1-434C4EB5C3AA}.Debug|Any CPU.ActiveCfg = Debug|Any CPU
		{F9FCEF22-D220-45A9-AAA1-434C4EB5C3AA}.Debug|Any CPU.Build.0 = Debug|Any CPU
		{F9FCEF22-D220-45A9-AAA1-434C4EB5C3AA}.Release|Any CPU.ActiveCfg = Release|Any CPU
		{F9FCEF22-D220-45A9-AAA1-434C4EB5C3AA}.Release|Any CPU.Build.0 = Release|Any CPU
	EndGlobalSection
	GlobalSection(SolutionProperties) = preSolution
		HideSolutionNode = FALSE
	EndGlobalSection
	GlobalSection(ExtensibilityGlobals) = postSolution
		SolutionGuid = {D6F1922F-AB09-460B-8BFD-6337924E9A26}
	EndGlobalSection
EndGlobal
