
Microsoft Visual Studio Solution File, Format Version 12.00
# Visual Studio Version 16
VisualStudioVersion = 16.0.29806.167
MinimumVisualStudioVersion = 10.0.40219.1
Project("{FAE04EC0-301F-11D3-BF4B-00C04F79EFBC}") = "Calculator", "Calculator\Calculator.csproj", "{B0CDEEDE-FBAA-4FDB-A613-9B1268DA086C}"
EndProject
Global
	GlobalSection(SolutionConfigurationPlatforms) = preSolution
		Debug|Any CPU = Debug|Any CPU
		Release|Any CPU = Release|Any CPU
	EndGlobalSection
	GlobalSection(ProjectConfigurationPlatforms) = postSolution
		{B0CDEEDE-FBAA-4FDB-A613-9B1268DA086C}.Debug|Any CPU.ActiveCfg = Debug|Any CPU
		{B0CDEEDE-FBAA-4FDB-A613-9B1268DA086C}.Debug|Any CPU.Build.0 = Debug|Any CPU
		{B0CDEEDE-FBAA-4FDB-A613-9B1268DA086C}.Release|Any CPU.ActiveCfg = Release|Any CPU
		{B0CDEEDE-FBAA-4FDB-A613-9B1268DA086C}.Release|Any CPU.Build.0 = Release|Any CPU
	EndGlobalSection
	GlobalSection(SolutionProperties) = preSolution
		HideSolutionNode = FALSE
	EndGlobalSection
	GlobalSection(ExtensibilityGlobals) = postSolution
		SolutionGuid = {5AE6C054-A572-4853-A5D5-99F96EDECF30}
	EndGlobalSection
EndGlobal
