
Microsoft Visual Studio Solution File, Format Version 12.00
# Visual Studio Version 16
VisualStudioVersion = 16.0.29911.98
MinimumVisualStudioVersion = 10.0.40219.1
Project("{FAE04EC0-301F-11D3-BF4B-00C04F79EFBC}") = "Mvc-Employee-Registration", "Mvc-Employee-Registration\Mvc-Employee-Registration.csproj", "{04153ED5-BCA6-4C3A-BA8D-6C5163293804}"
EndProject
Global
	GlobalSection(SolutionConfigurationPlatforms) = preSolution
		Debug|Any CPU = Debug|Any CPU
		Release|Any CPU = Release|Any CPU
	EndGlobalSection
	GlobalSection(ProjectConfigurationPlatforms) = postSolution
		{04153ED5-BCA6-4C3A-BA8D-6C5163293804}.Debug|Any CPU.ActiveCfg = Debug|Any CPU
		{04153ED5-BCA6-4C3A-BA8D-6C5163293804}.Debug|Any CPU.Build.0 = Debug|Any CPU
		{04153ED5-BCA6-4C3A-BA8D-6C5163293804}.Release|Any CPU.ActiveCfg = Release|Any CPU
		{04153ED5-BCA6-4C3A-BA8D-6C5163293804}.Release|Any CPU.Build.0 = Release|Any CPU
	EndGlobalSection
	GlobalSection(SolutionProperties) = preSolution
		HideSolutionNode = FALSE
	EndGlobalSection
	GlobalSection(ExtensibilityGlobals) = postSolution
		SolutionGuid = {126E65AC-E5DD-4D4D-BE84-46C1A5001288}
	EndGlobalSection
EndGlobal
