
Microsoft Visual Studio Solution File, Format Version 12.00
# Visual Studio Version 16
VisualStudioVersion = 16.0.29806.167
MinimumVisualStudioVersion = 10.0.40219.1
Project("{FAE04EC0-301F-11D3-BF4B-00C04F79EFBC}") = "AssiRosh27_4", "AssiRosh27_4\AssiRosh27_4.csproj", "{B05485B9-826D-4604-A22C-872ABEF00F5C}"
EndProject
Global
	GlobalSection(SolutionConfigurationPlatforms) = preSolution
		Debug|Any CPU = Debug|Any CPU
		Release|Any CPU = Release|Any CPU
	EndGlobalSection
	GlobalSection(ProjectConfigurationPlatforms) = postSolution
		{B05485B9-826D-4604-A22C-872ABEF00F5C}.Debug|Any CPU.ActiveCfg = Debug|Any CPU
		{B05485B9-826D-4604-A22C-872ABEF00F5C}.Debug|Any CPU.Build.0 = Debug|Any CPU
		{B05485B9-826D-4604-A22C-872ABEF00F5C}.Release|Any CPU.ActiveCfg = Release|Any CPU
		{B05485B9-826D-4604-A22C-872ABEF00F5C}.Release|Any CPU.Build.0 = Release|Any CPU
	EndGlobalSection
	GlobalSection(SolutionProperties) = preSolution
		HideSolutionNode = FALSE
	EndGlobalSection
	GlobalSection(ExtensibilityGlobals) = postSolution
		SolutionGuid = {85C488CD-9838-4F32-8572-0F3CE2B05F21}
	EndGlobalSection
EndGlobal
