
Microsoft Visual Studio Solution File, Format Version 12.00
# Visual Studio Version 16
VisualStudioVersion = 16.0.29806.167
MinimumVisualStudioVersion = 10.0.40219.1
Project("{FAE04EC0-301F-11D3-BF4B-00C04F79EFBC}") = "Readyonly", "Readyonly\Readyonly.csproj", "{CEEB7DD9-BD70-4E11-B33D-5A274A8A3EC5}"
EndProject
Global
	GlobalSection(SolutionConfigurationPlatforms) = preSolution
		Debug|Any CPU = Debug|Any CPU
		Release|Any CPU = Release|Any CPU
	EndGlobalSection
	GlobalSection(ProjectConfigurationPlatforms) = postSolution
		{CEEB7DD9-BD70-4E11-B33D-5A274A8A3EC5}.Debug|Any CPU.ActiveCfg = Debug|Any CPU
		{CEEB7DD9-BD70-4E11-B33D-5A274A8A3EC5}.Debug|Any CPU.Build.0 = Debug|Any CPU
		{CEEB7DD9-BD70-4E11-B33D-5A274A8A3EC5}.Release|Any CPU.ActiveCfg = Release|Any CPU
		{CEEB7DD9-BD70-4E11-B33D-5A274A8A3EC5}.Release|Any CPU.Build.0 = Release|Any CPU
	EndGlobalSection
	GlobalSection(SolutionProperties) = preSolution
		HideSolutionNode = FALSE
	EndGlobalSection
	GlobalSection(ExtensibilityGlobals) = postSolution
		SolutionGuid = {211F4CC5-6126-4D57-A130-8C90765BDF46}
	EndGlobalSection
EndGlobal
