
Microsoft Visual Studio Solution File, Format Version 12.00
# Visual Studio Version 16
VisualStudioVersion = 16.0.29721.120
MinimumVisualStudioVersion = 10.0.40219.1
Project("{FAE04EC0-301F-11D3-BF4B-00C04F79EFBC}") = "Note", "Note\Note.csproj", "{B5F4CC12-AD57-4EA7-9D32-45F0415481ED}"
EndProject
Global
	GlobalSection(SolutionConfigurationPlatforms) = preSolution
		Debug|Any CPU = Debug|Any CPU
		Release|Any CPU = Release|Any CPU
	EndGlobalSection
	GlobalSection(ProjectConfigurationPlatforms) = postSolution
		{B5F4CC12-AD57-4EA7-9D32-45F0415481ED}.Debug|Any CPU.ActiveCfg = Debug|Any CPU
		{B5F4CC12-AD57-4EA7-9D32-45F0415481ED}.Debug|Any CPU.Build.0 = Debug|Any CPU
		{B5F4CC12-AD57-4EA7-9D32-45F0415481ED}.Release|Any CPU.ActiveCfg = Release|Any CPU
		{B5F4CC12-AD57-4EA7-9D32-45F0415481ED}.Release|Any CPU.Build.0 = Release|Any CPU
	EndGlobalSection
	GlobalSection(SolutionProperties) = preSolution
		HideSolutionNode = FALSE
	EndGlobalSection
	GlobalSection(ExtensibilityGlobals) = postSolution
		SolutionGuid = {6C94E52B-B026-42AD-B371-52472049F4E0}
	EndGlobalSection
EndGlobal
