
Microsoft Visual Studio Solution File, Format Version 12.00
# Visual Studio Version 16
VisualStudioVersion = 16.0.29806.167
MinimumVisualStudioVersion = 10.0.40219.1
Project("{FAE04EC0-301F-11D3-BF4B-00C04F79EFBC}") = "Swapnum24", "Swapnum24\Swapnum24.csproj", "{F1CBA0EF-778B-452C-B112-1EBFFCE00EDC}"
EndProject
Project("{FAE04EC0-301F-11D3-BF4B-00C04F79EFBC}") = "Swapnum24test", "Swapnum24test\Swapnum24test.csproj", "{6F840C94-E953-4F3D-A484-A65E0CA2069D}"
EndProject
Global
	GlobalSection(SolutionConfigurationPlatforms) = preSolution
		Debug|Any CPU = Debug|Any CPU
		Release|Any CPU = Release|Any CPU
	EndGlobalSection
	GlobalSection(ProjectConfigurationPlatforms) = postSolution
		{F1CBA0EF-778B-452C-B112-1EBFFCE00EDC}.Debug|Any CPU.ActiveCfg = Debug|Any CPU
		{F1CBA0EF-778B-452C-B112-1EBFFCE00EDC}.Debug|Any CPU.Build.0 = Debug|Any CPU
		{F1CBA0EF-778B-452C-B112-1EBFFCE00EDC}.Release|Any CPU.ActiveCfg = Release|Any CPU
		{F1CBA0EF-778B-452C-B112-1EBFFCE00EDC}.Release|Any CPU.Build.0 = Release|Any CPU
		{6F840C94-E953-4F3D-A484-A65E0CA2069D}.Debug|Any CPU.ActiveCfg = Debug|Any CPU
		{6F840C94-E953-4F3D-A484-A65E0CA2069D}.Debug|Any CPU.Build.0 = Debug|Any CPU
		{6F840C94-E953-4F3D-A484-A65E0CA2069D}.Release|Any CPU.ActiveCfg = Release|Any CPU
		{6F840C94-E953-4F3D-A484-A65E0CA2069D}.Release|Any CPU.Build.0 = Release|Any CPU
	EndGlobalSection
	GlobalSection(SolutionProperties) = preSolution
		HideSolutionNode = FALSE
	EndGlobalSection
	GlobalSection(ExtensibilityGlobals) = postSolution
		SolutionGuid = {A7CC96EF-5AF6-4535-A4E6-1C61FE50DCB6}
	EndGlobalSection
EndGlobal
