
Microsoft Visual Studio Solution File, Format Version 12.00
# Visual Studio Version 16
VisualStudioVersion = 16.0.29806.167
MinimumVisualStudioVersion = 10.0.40219.1
Project("{FAE04EC0-301F-11D3-BF4B-00C04F79EFBC}") = "AssiAbstract5", "AssiAbstract5\AssiAbstract5.csproj", "{033D0926-6041-4050-95FF-5595B69E9298}"
EndProject
Global
	GlobalSection(SolutionConfigurationPlatforms) = preSolution
		Debug|Any CPU = Debug|Any CPU
		Release|Any CPU = Release|Any CPU
	EndGlobalSection
	GlobalSection(ProjectConfigurationPlatforms) = postSolution
		{033D0926-6041-4050-95FF-5595B69E9298}.Debug|Any CPU.ActiveCfg = Debug|Any CPU
		{033D0926-6041-4050-95FF-5595B69E9298}.Debug|Any CPU.Build.0 = Debug|Any CPU
		{033D0926-6041-4050-95FF-5595B69E9298}.Release|Any CPU.ActiveCfg = Release|Any CPU
		{033D0926-6041-4050-95FF-5595B69E9298}.Release|Any CPU.Build.0 = Release|Any CPU
	EndGlobalSection
	GlobalSection(SolutionProperties) = preSolution
		HideSolutionNode = FALSE
	EndGlobalSection
	GlobalSection(ExtensibilityGlobals) = postSolution
		SolutionGuid = {29FA4F40-CE24-4FD8-A163-E0979BF515F9}
	EndGlobalSection
EndGlobal
