
Microsoft Visual Studio Solution File, Format Version 12.00
# Visual Studio Version 16
VisualStudioVersion = 16.0.29911.98
MinimumVisualStudioVersion = 10.0.40219.1
Project("{FAE04EC0-301F-11D3-BF4B-00C04F79EFBC}") = "MyStudentRegistrationMvc", "MyStudentRegistrationMvc\MyStudentRegistrationMvc.csproj", "{EF204157-6564-41FF-966A-08B77F4BA502}"
EndProject
Global
	GlobalSection(SolutionConfigurationPlatforms) = preSolution
		Debug|Any CPU = Debug|Any CPU
		Release|Any CPU = Release|Any CPU
	EndGlobalSection
	GlobalSection(ProjectConfigurationPlatforms) = postSolution
		{EF204157-6564-41FF-966A-08B77F4BA502}.Debug|Any CPU.ActiveCfg = Debug|Any CPU
		{EF204157-6564-41FF-966A-08B77F4BA502}.Debug|Any CPU.Build.0 = Debug|Any CPU
		{EF204157-6564-41FF-966A-08B77F4BA502}.Release|Any CPU.ActiveCfg = Release|Any CPU
		{EF204157-6564-41FF-966A-08B77F4BA502}.Release|Any CPU.Build.0 = Release|Any CPU
	EndGlobalSection
	GlobalSection(SolutionProperties) = preSolution
		HideSolutionNode = FALSE
	EndGlobalSection
	GlobalSection(ExtensibilityGlobals) = postSolution
		SolutionGuid = {9E920A3B-4859-4F7A-B17C-68E523E7CAA3}
	EndGlobalSection
EndGlobal
