
Microsoft Visual Studio Solution File, Format Version 12.00
# Visual Studio Version 16
VisualStudioVersion = 16.0.29721.120
MinimumVisualStudioVersion = 10.0.40219.1
Project("{FAE04EC0-301F-11D3-BF4B-00C04F79EFBC}") = "bhaskers", "bhaskers\bhaskers.csproj", "{025AF426-4F89-4712-B632-E7D671D3E41C}"
EndProject
Global
	GlobalSection(SolutionConfigurationPlatforms) = preSolution
		Debug|Any CPU = Debug|Any CPU
		Release|Any CPU = Release|Any CPU
	EndGlobalSection
	GlobalSection(ProjectConfigurationPlatforms) = postSolution
		{025AF426-4F89-4712-B632-E7D671D3E41C}.Debug|Any CPU.ActiveCfg = Debug|Any CPU
		{025AF426-4F89-4712-B632-E7D671D3E41C}.Debug|Any CPU.Build.0 = Debug|Any CPU
		{025AF426-4F89-4712-B632-E7D671D3E41C}.Release|Any CPU.ActiveCfg = Release|Any CPU
		{025AF426-4F89-4712-B632-E7D671D3E41C}.Release|Any CPU.Build.0 = Release|Any CPU
	EndGlobalSection
	GlobalSection(SolutionProperties) = preSolution
		HideSolutionNode = FALSE
	EndGlobalSection
	GlobalSection(ExtensibilityGlobals) = postSolution
		SolutionGuid = {3BC66E84-200D-4CB8-B53D-FB62AD207D3B}
	EndGlobalSection
EndGlobal
