
Microsoft Visual Studio Solution File, Format Version 12.00
# Visual Studio Version 16
VisualStudioVersion = 16.0.29911.98
MinimumVisualStudioVersion = 10.0.40219.1
Project("{FAE04EC0-301F-11D3-BF4B-00C04F79EFBC}") = "ATMexampletest", "ATMexampletest\ATMexampletest.csproj", "{888D0438-6CC5-41C0-8E70-6B1A89ACC254}"
EndProject
Global
	GlobalSection(SolutionConfigurationPlatforms) = preSolution
		Debug|Any CPU = Debug|Any CPU
		Release|Any CPU = Release|Any CPU
	EndGlobalSection
	GlobalSection(ProjectConfigurationPlatforms) = postSolution
		{888D0438-6CC5-41C0-8E70-6B1A89ACC254}.Debug|Any CPU.ActiveCfg = Debug|Any CPU
		{888D0438-6CC5-41C0-8E70-6B1A89ACC254}.Debug|Any CPU.Build.0 = Debug|Any CPU
		{888D0438-6CC5-41C0-8E70-6B1A89ACC254}.Release|Any CPU.ActiveCfg = Release|Any CPU
		{888D0438-6CC5-41C0-8E70-6B1A89ACC254}.Release|Any CPU.Build.0 = Release|Any CPU
	EndGlobalSection
	GlobalSection(SolutionProperties) = preSolution
		HideSolutionNode = FALSE
	EndGlobalSection
	GlobalSection(ExtensibilityGlobals) = postSolution
		SolutionGuid = {EC801FA7-8A8F-4CD2-9D76-ABC7DA76CF6D}
	EndGlobalSection
EndGlobal
