
Microsoft Visual Studio Solution File, Format Version 12.00
# Visual Studio Version 16
VisualStudioVersion = 16.0.29806.167
MinimumVisualStudioVersion = 10.0.40219.1
Project("{FAE04EC0-301F-11D3-BF4B-00C04F79EFBC}") = "Opratorswithswitch", "Opratorswithswitch\Opratorswithswitch.csproj", "{D3E47F83-0AC8-4E28-9115-004510C9CB71}"
EndProject
Global
	GlobalSection(SolutionConfigurationPlatforms) = preSolution
		Debug|Any CPU = Debug|Any CPU
		Release|Any CPU = Release|Any CPU
	EndGlobalSection
	GlobalSection(ProjectConfigurationPlatforms) = postSolution
		{D3E47F83-0AC8-4E28-9115-004510C9CB71}.Debug|Any CPU.ActiveCfg = Debug|Any CPU
		{D3E47F83-0AC8-4E28-9115-004510C9CB71}.Debug|Any CPU.Build.0 = Debug|Any CPU
		{D3E47F83-0AC8-4E28-9115-004510C9CB71}.Release|Any CPU.ActiveCfg = Release|Any CPU
		{D3E47F83-0AC8-4E28-9115-004510C9CB71}.Release|Any CPU.Build.0 = Release|Any CPU
	EndGlobalSection
	GlobalSection(SolutionProperties) = preSolution
		HideSolutionNode = FALSE
	EndGlobalSection
	GlobalSection(ExtensibilityGlobals) = postSolution
		SolutionGuid = {C80A4637-4295-4526-9417-E5D5F826193C}
	EndGlobalSection
EndGlobal
